
Microsoft Visual Studio Solution File, Format Version 12.00
# Visual Studio 15
VisualStudioVersion = 15.0.27004.2006
MinimumVisualStudioVersion = 10.0.40219.1
Project("{E24C65DC-7377-472B-9ABA-BC803B73C61A}") = "http://localhost:86", "http://localhost:86", "{64D72850-6F85-42C3-AC14-4DAD33D694C0}"
	ProjectSection(WebsiteProperties) = preProject
		UseIISExpress = "false"
		TargetFrameworkMoniker = ".NETFramework,Version%3Dv4.0"
		ProjectReferences = "{1d8da349-1256-4c93-8cc6-06d9bc10efc6}|OpenFramework.dll;"
		Debug.AspNetCompiler.VirtualPath = "/localhost_86"
		Debug.AspNetCompiler.PhysicalPath = "homer_admin-v1.9.1\"
		Debug.AspNetCompiler.TargetPath = "PrecompiledWeb\localhost_86\"
		Debug.AspNetCompiler.Updateable = "true"
		Debug.AspNetCompiler.ForceOverwrite = "true"
		Debug.AspNetCompiler.FixedNames = "false"
		Debug.AspNetCompiler.Debug = "True"
		Release.AspNetCompiler.VirtualPath = "/localhost_86"
		Release.AspNetCompiler.PhysicalPath = "homer_admin-v1.9.1\"
		Release.AspNetCompiler.TargetPath = "PrecompiledWeb\localhost_86\"
		Release.AspNetCompiler.Updateable = "true"
		Release.AspNetCompiler.ForceOverwrite = "true"
		Release.AspNetCompiler.FixedNames = "false"
		Release.AspNetCompiler.Debug = "False"
		SlnRelativePath = "homer_admin-v1.9.1\"
	EndProjectSection
EndProject
Project("{FAE04EC0-301F-11D3-BF4B-00C04F79EFBC}") = "OpenFramework", "D:\My Web Sites\Homer\Homer Theme\webapplayers.com\OpenFramework\OpenFramework.csproj", "{1D8DA349-1256-4C93-8CC6-06D9BC10EFC6}"
EndProject
Project("{2150E333-8FDC-42A3-9474-1A3956D46DE8}") = "Solution Items", "Solution Items", "{EB802F83-E581-4C4B-9B16-7D00D66C9329}"
ProjectSection(SolutionItems) = preProject
GCop.json = GCop.json
EndProjectSection
EndProject

Global
	GlobalSection(SolutionConfigurationPlatforms) = preSolution
		Debug|Any CPU = Debug|Any CPU
		Release|Any CPU = Release|Any CPU
	EndGlobalSection
	GlobalSection(ProjectConfigurationPlatforms) = postSolution
		{64D72850-6F85-42C3-AC14-4DAD33D694C0}.Debug|Any CPU.ActiveCfg = Debug|Any CPU
		{64D72850-6F85-42C3-AC14-4DAD33D694C0}.Debug|Any CPU.Build.0 = Debug|Any CPU
		{64D72850-6F85-42C3-AC14-4DAD33D694C0}.Release|Any CPU.ActiveCfg = Debug|Any CPU
		{64D72850-6F85-42C3-AC14-4DAD33D694C0}.Release|Any CPU.Build.0 = Debug|Any CPU
		{1D8DA349-1256-4C93-8CC6-06D9BC10EFC6}.Debug|Any CPU.ActiveCfg = Debug|Any CPU
		{1D8DA349-1256-4C93-8CC6-06D9BC10EFC6}.Debug|Any CPU.Build.0 = Debug|Any CPU
		{1D8DA349-1256-4C93-8CC6-06D9BC10EFC6}.Release|Any CPU.ActiveCfg = Release|Any CPU
		{1D8DA349-1256-4C93-8CC6-06D9BC10EFC6}.Release|Any CPU.Build.0 = Release|Any CPU
	EndGlobalSection
	GlobalSection(SolutionProperties) = preSolution
		HideSolutionNode = FALSE
	EndGlobalSection
	GlobalSection(ExtensibilityGlobals) = postSolution
		SolutionGuid = {5B6E89DB-326A-4840-9710-DBC65CFD6490}
	EndGlobalSection
EndGlobal
